// !$*UTF8*$!
{
	archiveVersion = 1;
	classes = {
	};
	objectVersion = 77;
	objects = {

/* Begin PBXBuildFile section */
		093DE7D1C7F1BB6B0B87A417 /* Pods_Sports_App_Sports_AppUITests.framework in Frameworks */ = {isa = PBXBuildFile; fileRef = 5994FE5D3CECC750168CB7A4 /* Pods_Sports_App_Sports_AppUITests.framework */; };
		9A4E1C53801DC5B3F478BE78 /* Pods_Sports_App.framework in Frameworks */ = {isa = PBXBuildFile; fileRef = 6F3F6CC1061AF6ABA758CA83 /* Pods_Sports_App.framework */; };
		9F2F698A97EBC35EBDC6D647 /* Pods_Sports_AppTests.framework in Frameworks */ = {isa = PBXBuildFile; fileRef = A0018160FC366A654230AAA2 /* Pods_Sports_AppTests.framework */; };
/* End PBXBuildFile section */

/* Begin PBXContainerItemProxy section */
		1709FEFE2D4AD1630058050D /* PBXContainerItemProxy */ = {
			isa = PBXContainerItemProxy;
			containerPortal = 1709FEDC2D4AD1600058050D /* Project object */;
			proxyType = 1;
			remoteGlobalIDString = 1709FEE32D4AD1610058050D;
			remoteInfo = "Sports App";
		};
		1709FF082D4AD1630058050D /* PBXContainerItemProxy */ = {
			isa = PBXContainerItemProxy;
			containerPortal = 1709FEDC2D4AD1600058050D /* Project object */;
			proxyType = 1;
			remoteGlobalIDString = 1709FEE32D4AD1610058050D;
			remoteInfo = "Sports App";
		};
/* End PBXContainerItemProxy section */

/* Begin PBXFileReference section */
		045F02CB0F0A196981EF2176 /* Pods-Sports App-Sports AppUITests.debug.xcconfig */ = {isa = PBXFileReference; includeInIndex = 1; lastKnownFileType = text.xcconfig; name = "Pods-Sports App-Sports AppUITests.debug.xcconfig"; path = "Target Support Files/Pods-Sports App-Sports AppUITests/Pods-Sports App-Sports AppUITests.debug.xcconfig"; sourceTree = "<group>"; };
		1709FEE42D4AD1610058050D /* Sports App.app */ = {isa = PBXFileReference; explicitFileType = wrapper.application; includeInIndex = 0; path = "Sports App.app"; sourceTree = BUILT_PRODUCTS_DIR; };
		1709FEFD2D4AD1630058050D /* Sports AppTests.xctest */ = {isa = PBXFileReference; explicitFileType = wrapper.cfbundle; includeInIndex = 0; path = "Sports AppTests.xctest"; sourceTree = BUILT_PRODUCTS_DIR; };
		1709FF072D4AD1630058050D /* Sports AppUITests.xctest */ = {isa = PBXFileReference; explicitFileType = wrapper.cfbundle; includeInIndex = 0; path = "Sports AppUITests.xctest"; sourceTree = BUILT_PRODUCTS_DIR; };
		2107E1378D676D0918933168 /* Pods-Sports App.release.xcconfig */ = {isa = PBXFileReference; includeInIndex = 1; lastKnownFileType = text.xcconfig; name = "Pods-Sports App.release.xcconfig"; path = "Target Support Files/Pods-Sports App/Pods-Sports App.release.xcconfig"; sourceTree = "<group>"; };
		494E218B0BED8B1CD3BB4E20 /* Pods-Sports App.debug.xcconfig */ = {isa = PBXFileReference; includeInIndex = 1; lastKnownFileType = text.xcconfig; name = "Pods-Sports App.debug.xcconfig"; path = "Target Support Files/Pods-Sports App/Pods-Sports App.debug.xcconfig"; sourceTree = "<group>"; };
		4968D46FC015C7A8D0F5DE12 /* Pods-Sports AppTests.debug.xcconfig */ = {isa = PBXFileReference; includeInIndex = 1; lastKnownFileType = text.xcconfig; name = "Pods-Sports AppTests.debug.xcconfig"; path = "Target Support Files/Pods-Sports AppTests/Pods-Sports AppTests.debug.xcconfig"; sourceTree = "<group>"; };
		5994FE5D3CECC750168CB7A4 /* Pods_Sports_App_Sports_AppUITests.framework */ = {isa = PBXFileReference; explicitFileType = wrapper.framework; includeInIndex = 0; path = Pods_Sports_App_Sports_AppUITests.framework; sourceTree = BUILT_PRODUCTS_DIR; };
		6D593551BCDD94AE24348766 /* Pods-Sports App-Sports AppUITests.release.xcconfig */ = {isa = PBXFileReference; includeInIndex = 1; lastKnownFileType = text.xcconfig; name = "Pods-Sports App-Sports AppUITests.release.xcconfig"; path = "Target Support Files/Pods-Sports App-Sports AppUITests/Pods-Sports App-Sports AppUITests.release.xcconfig"; sourceTree = "<group>"; };
		6F3F6CC1061AF6ABA758CA83 /* Pods_Sports_App.framework */ = {isa = PBXFileReference; explicitFileType = wrapper.framework; includeInIndex = 0; path = Pods_Sports_App.framework; sourceTree = BUILT_PRODUCTS_DIR; };
		A0018160FC366A654230AAA2 /* Pods_Sports_AppTests.framework */ = {isa = PBXFileReference; explicitFileType = wrapper.framework; includeInIndex = 0; path = Pods_Sports_AppTests.framework; sourceTree = BUILT_PRODUCTS_DIR; };
		DCAD7E33534928B592A748FD /* Pods-Sports AppTests.release.xcconfig */ = {isa = PBXFileReference; includeInIndex = 1; lastKnownFileType = text.xcconfig; name = "Pods-Sports AppTests.release.xcconfig"; path = "Target Support Files/Pods-Sports AppTests/Pods-Sports AppTests.release.xcconfig"; sourceTree = "<group>"; };
/* End PBXFileReference section */

/* Begin PBXFileSystemSynchronizedBuildFileExceptionSet section */
		1709FF0F2D4AD1630058050D /* Exceptions for "Sports App" folder in "Sports App" target */ = {
			isa = PBXFileSystemSynchronizedBuildFileExceptionSet;
			membershipExceptions = (
				Info.plist,
			);
			target = 1709FEE32D4AD1610058050D /* Sports App */;
		};
/* End PBXFileSystemSynchronizedBuildFileExceptionSet section */

/* Begin PBXFileSystemSynchronizedRootGroup section */
		1709FEE62D4AD1610058050D /* Sports App */ = {
			isa = PBXFileSystemSynchronizedRootGroup;
			exceptions = (
				1709FF0F2D4AD1630058050D /* Exceptions for "Sports App" folder in "Sports App" target */,
			);
			path = "Sports App";
			sourceTree = "<group>";
		};
		1709FF002D4AD1630058050D /* Sports AppTests */ = {
			isa = PBXFileSystemSynchronizedRootGroup;
			path = "Sports AppTests";
			sourceTree = "<group>";
		};
		1709FF0A2D4AD1630058050D /* Sports AppUITests */ = {
			isa = PBXFileSystemSynchronizedRootGroup;
			path = "Sports AppUITests";
			sourceTree = "<group>";
		};
/* End PBXFileSystemSynchronizedRootGroup section */

/* Begin PBXFrameworksBuildPhase section */
		1709FEE12D4AD1610058050D /* Frameworks */ = {
			isa = PBXFrameworksBuildPhase;
			buildActionMask = 2147483647;
			files = (
				9A4E1C53801DC5B3F478BE78 /* Pods_Sports_App.framework in Frameworks */,
			);
			runOnlyForDeploymentPostprocessing = 0;
		};
		1709FEFA2D4AD1630058050D /* Frameworks */ = {
			isa = PBXFrameworksBuildPhase;
			buildActionMask = 2147483647;
			files = (
				9F2F698A97EBC35EBDC6D647 /* Pods_Sports_AppTests.framework in Frameworks */,
			);
			runOnlyForDeploymentPostprocessing = 0;
		};
		1709FF042D4AD1630058050D /* Frameworks */ = {
			isa = PBXFrameworksBuildPhase;
			buildActionMask = 2147483647;
			files = (
				093DE7D1C7F1BB6B0B87A417 /* Pods_Sports_App_Sports_AppUITests.framework in Frameworks */,
			);
			runOnlyForDeploymentPostprocessing = 0;
		};
/* End PBXFrameworksBuildPhase section */

/* Begin PBXGroup section */
		1709FEDB2D4AD1600058050D = {
			isa = PBXGroup;
			children = (
				1709FEE62D4AD1610058050D /* Sports App */,
				1709FF002D4AD1630058050D /* Sports AppTests */,
				1709FF0A2D4AD1630058050D /* Sports AppUITests */,
				1709FEE52D4AD1610058050D /* Products */,
				EB26E598FD9DAC6869CFC994 /* Pods */,
				A52B6165C18675C0E58485EF /* Frameworks */,
			);
			sourceTree = "<group>";
		};
		1709FEE52D4AD1610058050D /* Products */ = {
			isa = PBXGroup;
			children = (
				1709FEE42D4AD1610058050D /* Sports App.app */,
				1709FEFD2D4AD1630058050D /* Sports AppTests.xctest */,
				1709FF072D4AD1630058050D /* Sports AppUITests.xctest */,
			);
			name = Products;
			sourceTree = "<group>";
		};
		A52B6165C18675C0E58485EF /* Frameworks */ = {
			isa = PBXGroup;
			children = (
				6F3F6CC1061AF6ABA758CA83 /* Pods_Sports_App.framework */,
				5994FE5D3CECC750168CB7A4 /* Pods_Sports_App_Sports_AppUITests.framework */,
				A0018160FC366A654230AAA2 /* Pods_Sports_AppTests.framework */,
			);
			name = Frameworks;
			sourceTree = "<group>";
		};
		EB26E598FD9DAC6869CFC994 /* Pods */ = {
			isa = PBXGroup;
			children = (
				494E218B0BED8B1CD3BB4E20 /* Pods-Sports App.debug.xcconfig */,
				2107E1378D676D0918933168 /* Pods-Sports App.release.xcconfig */,
				045F02CB0F0A196981EF2176 /* Pods-Sports App-Sports AppUITests.debug.xcconfig */,
				6D593551BCDD94AE24348766 /* Pods-Sports App-Sports AppUITests.release.xcconfig */,
				4968D46FC015C7A8D0F5DE12 /* Pods-Sports AppTests.debug.xcconfig */,
				DCAD7E33534928B592A748FD /* Pods-Sports AppTests.release.xcconfig */,
			);
			path = Pods;
			sourceTree = "<group>";
		};
/* End PBXGroup section */

/* Begin PBXNativeTarget section */
		1709FEE32D4AD1610058050D /* Sports App */ = {
			isa = PBXNativeTarget;
			buildConfigurationList = 1709FF102D4AD1630058050D /* Build configuration list for PBXNativeTarget "Sports App" */;
			buildPhases = (
				21BFEA6D37256002A3A96956 /* [CP] Check Pods Manifest.lock */,
				1709FEE02D4AD1610058050D /* Sources */,
				1709FEE12D4AD1610058050D /* Frameworks */,
				1709FEE22D4AD1610058050D /* Resources */,
				90F00D2C535D3AE944C0BE7A /* [CP] Embed Pods Frameworks */,
			);
			buildRules = (
			);
			dependencies = (
			);
			fileSystemSynchronizedGroups = (
				1709FEE62D4AD1610058050D /* Sports App */,
			);
			name = "Sports App";
			productName = "Sports App";
			productReference = 1709FEE42D4AD1610058050D /* Sports App.app */;
			productType = "com.apple.product-type.application";
		};
		1709FEFC2D4AD1630058050D /* Sports AppTests */ = {
			isa = PBXNativeTarget;
			buildConfigurationList = 1709FF152D4AD1630058050D /* Build configuration list for PBXNativeTarget "Sports AppTests" */;
			buildPhases = (
				5598EC260D0AAE9A20280F6C /* [CP] Check Pods Manifest.lock */,
				1709FEF92D4AD1630058050D /* Sources */,
				1709FEFA2D4AD1630058050D /* Frameworks */,
				1709FEFB2D4AD1630058050D /* Resources */,
			);
			buildRules = (
			);
			dependencies = (
				1709FEFF2D4AD1630058050D /* PBXTargetDependency */,
			);
			fileSystemSynchronizedGroups = (
				1709FF002D4AD1630058050D /* Sports AppTests */,
			);
			name = "Sports AppTests";
			productName = "Sports AppTests";
			productReference = 1709FEFD2D4AD1630058050D /* Sports AppTests.xctest */;
			productType = "com.apple.product-type.bundle.unit-test";
		};
		1709FF062D4AD1630058050D /* Sports AppUITests */ = {
			isa = PBXNativeTarget;
			buildConfigurationList = 1709FF182D4AD1630058050D /* Build configuration list for PBXNativeTarget "Sports AppUITests" */;
			buildPhases = (
				AC237FD1C8891728C1BB7AC7 /* [CP] Check Pods Manifest.lock */,
				1709FF032D4AD1630058050D /* Sources */,
				1709FF042D4AD1630058050D /* Frameworks */,
				1709FF052D4AD1630058050D /* Resources */,
				1CB792CE4A5ED21532C765F9 /* [CP] Embed Pods Frameworks */,
			);
			buildRules = (
			);
			dependencies = (
				1709FF092D4AD1630058050D /* PBXTargetDependency */,
			);
			fileSystemSynchronizedGroups = (
				1709FF0A2D4AD1630058050D /* Sports AppUITests */,
			);
			name = "Sports AppUITests";
			productName = "Sports AppUITests";
			productReference = 1709FF072D4AD1630058050D /* Sports AppUITests.xctest */;
			productType = "com.apple.product-type.bundle.ui-testing";
		};
/* End PBXNativeTarget section */

/* Begin PBXProject section */
		1709FEDC2D4AD1600058050D /* Project object */ = {
			isa = PBXProject;
			attributes = {
				BuildIndependentTargetsInParallel = 1;
				LastSwiftUpdateCheck = 1620;
				LastUpgradeCheck = 1620;
				TargetAttributes = {
					1709FEE32D4AD1610058050D = {
						CreatedOnToolsVersion = 16.2;
					};
					1709FEFC2D4AD1630058050D = {
						CreatedOnToolsVersion = 16.2;
						TestTargetID = 1709FEE32D4AD1610058050D;
					};
					1709FF062D4AD1630058050D = {
						CreatedOnToolsVersion = 16.2;
						TestTargetID = 1709FEE32D4AD1610058050D;
					};
				};
			};
			buildConfigurationList = 1709FEDF2D4AD1600058050D /* Build configuration list for PBXProject "Sports App" */;
			developmentRegion = en;
			hasScannedForEncodings = 0;
			knownRegions = (
				en,
				Base,
			);
			mainGroup = 1709FEDB2D4AD1600058050D;
			minimizedProjectReferenceProxies = 1;
			preferredProjectObjectVersion = 77;
			productRefGroup = 1709FEE52D4AD1610058050D /* Products */;
			projectDirPath = "";
			projectRoot = "";
			targets = (
				1709FEE32D4AD1610058050D /* Sports App */,
				1709FEFC2D4AD1630058050D /* Sports AppTests */,
				1709FF062D4AD1630058050D /* Sports AppUITests */,
			);
		};
/* End PBXProject section */

/* Begin PBXResourcesBuildPhase section */
		1709FEE22D4AD1610058050D /* Resources */ = {
			isa = PBXResourcesBuildPhase;
			buildActionMask = 2147483647;
			files = (
			);
			runOnlyForDeploymentPostprocessing = 0;
		};
		1709FEFB2D4AD1630058050D /* Resources */ = {
			isa = PBXResourcesBuildPhase;
			buildActionMask = 2147483647;
			files = (
			);
			runOnlyForDeploymentPostprocessing = 0;
		};
		1709FF052D4AD1630058050D /* Resources */ = {
			isa = PBXResourcesBuildPhase;
			buildActionMask = 2147483647;
			files = (
			);
			runOnlyForDeploymentPostprocessing = 0;
		};
/* End PBXResourcesBuildPhase section */

/* Begin PBXShellScriptBuildPhase section */
		1CB792CE4A5ED21532C765F9 /* [CP] Embed Pods Frameworks */ = {
			isa = PBXShellScriptBuildPhase;
			buildActionMask = 2147483647;
			files = (
			);
			inputFileListPaths = (
				"${PODS_ROOT}/Target Support Files/Pods-Sports App-Sports AppUITests/Pods-Sports App-Sports AppUITests-frameworks-${CONFIGURATION}-input-files.xcfilelist",
			);
			name = "[CP] Embed Pods Frameworks";
			outputFileListPaths = (
				"${PODS_ROOT}/Target Support Files/Pods-Sports App-Sports AppUITests/Pods-Sports App-Sports AppUITests-frameworks-${CONFIGURATION}-output-files.xcfilelist",
			);
			runOnlyForDeploymentPostprocessing = 0;
			shellPath = /bin/sh;
			shellScript = "\"${PODS_ROOT}/Target Support Files/Pods-Sports App-Sports AppUITests/Pods-Sports App-Sports AppUITests-frameworks.sh\"\n";
			showEnvVarsInLog = 0;
		};
		21BFEA6D37256002A3A96956 /* [CP] Check Pods Manifest.lock */ = {
			isa = PBXShellScriptBuildPhase;
			buildActionMask = 2147483647;
			files = (
			);
			inputFileListPaths = (
			);
			inputPaths = (
				"${PODS_PODFILE_DIR_PATH}/Podfile.lock",
				"${PODS_ROOT}/Manifest.lock",
			);
			name = "[CP] Check Pods Manifest.lock";
			outputFileListPaths = (
			);
			outputPaths = (
				"$(DERIVED_FILE_DIR)/Pods-Sports App-checkManifestLockResult.txt",
			);
			runOnlyForDeploymentPostprocessing = 0;
			shellPath = /bin/sh;
			shellScript = "diff \"${PODS_PODFILE_DIR_PATH}/Podfile.lock\" \"${PODS_ROOT}/Manifest.lock\" > /dev/null\nif [ $? != 0 ] ; then\n    # print error to STDERR\n    echo \"error: The sandbox is not in sync with the Podfile.lock. Run 'pod install' or update your CocoaPods installation.\" >&2\n    exit 1\nfi\n# This output is used by Xcode 'outputs' to avoid re-running this script phase.\necho \"SUCCESS\" > \"${SCRIPT_OUTPUT_FILE_0}\"\n";
			showEnvVarsInLog = 0;
		};
		5598EC260D0AAE9A20280F6C /* [CP] Check Pods Manifest.lock */ = {
			isa = PBXShellScriptBuildPhase;
			buildActionMask = 2147483647;
			files = (
			);
			inputFileListPaths = (
			);
			inputPaths = (
				"${PODS_PODFILE_DIR_PATH}/Podfile.lock",
				"${PODS_ROOT}/Manifest.lock",
			);
			name = "[CP] Check Pods Manifest.lock";
			outputFileListPaths = (
			);
			outputPaths = (
				"$(DERIVED_FILE_DIR)/Pods-Sports AppTests-checkManifestLockResult.txt",
			);
			runOnlyForDeploymentPostprocessing = 0;
			shellPath = /bin/sh;
			shellScript = "diff \"${PODS_PODFILE_DIR_PATH}/Podfile.lock\" \"${PODS_ROOT}/Manifest.lock\" > /dev/null\nif [ $? != 0 ] ; then\n    # print error to STDERR\n    echo \"error: The sandbox is not in sync with the Podfile.lock. Run 'pod install' or update your CocoaPods installation.\" >&2\n    exit 1\nfi\n# This output is used by Xcode 'outputs' to avoid re-running this script phase.\necho \"SUCCESS\" > \"${SCRIPT_OUTPUT_FILE_0}\"\n";
			showEnvVarsInLog = 0;
		};
		90F00D2C535D3AE944C0BE7A /* [CP] Embed Pods Frameworks */ = {
			isa = PBXShellScriptBuildPhase;
			buildActionMask = 2147483647;
			files = (
			);
			inputFileListPaths = (
				"${PODS_ROOT}/Target Support Files/Pods-Sports App/Pods-Sports App-frameworks-${CONFIGURATION}-input-files.xcfilelist",
			);
			name = "[CP] Embed Pods Frameworks";
			outputFileListPaths = (
				"${PODS_ROOT}/Target Support Files/Pods-Sports App/Pods-Sports App-frameworks-${CONFIGURATION}-output-files.xcfilelist",
			);
			runOnlyForDeploymentPostprocessing = 0;
			shellPath = /bin/sh;
			shellScript = "\"${PODS_ROOT}/Target Support Files/Pods-Sports App/Pods-Sports App-frameworks.sh\"\n";
			showEnvVarsInLog = 0;
		};
		AC237FD1C8891728C1BB7AC7 /* [CP] Check Pods Manifest.lock */ = {
			isa = PBXShellScriptBuildPhase;
			buildActionMask = 2147483647;
			files = (
			);
			inputFileListPaths = (
			);
			inputPaths = (
				"${PODS_PODFILE_DIR_PATH}/Podfile.lock",
				"${PODS_ROOT}/Manifest.lock",
			);
			name = "[CP] Check Pods Manifest.lock";
			outputFileListPaths = (
			);
			outputPaths = (
				"$(DERIVED_FILE_DIR)/Pods-Sports App-Sports AppUITests-checkManifestLockResult.txt",
			);
			runOnlyForDeploymentPostprocessing = 0;
			shellPath = /bin/sh;
			shellScript = "diff \"${PODS_PODFILE_DIR_PATH}/Podfile.lock\" \"${PODS_ROOT}/Manifest.lock\" > /dev/null\nif [ $? != 0 ] ; then\n    # print error to STDERR\n    echo \"error: The sandbox is not in sync with the Podfile.lock. Run 'pod install' or update your CocoaPods installation.\" >&2\n    exit 1\nfi\n# This output is used by Xcode 'outputs' to avoid re-running this script phase.\necho \"SUCCESS\" > \"${SCRIPT_OUTPUT_FILE_0}\"\n";
			showEnvVarsInLog = 0;
		};
/* End PBXShellScriptBuildPhase section */

/* Begin PBXSourcesBuildPhase section */
		1709FEE02D4AD1610058050D /* Sources */ = {
			isa = PBXSourcesBuildPhase;
			buildActionMask = 2147483647;
			files = (
			);
			runOnlyForDeploymentPostprocessing = 0;
		};
		1709FEF92D4AD1630058050D /* Sources */ = {
			isa = PBXSourcesBuildPhase;
			buildActionMask = 2147483647;
			files = (
			);
			runOnlyForDeploymentPostprocessing = 0;
		};
		1709FF032D4AD1630058050D /* Sources */ = {
			isa = PBXSourcesBuildPhase;
			buildActionMask = 2147483647;
			files = (
			);
			runOnlyForDeploymentPostprocessing = 0;
		};
/* End PBXSourcesBuildPhase section */

/* Begin PBXTargetDependency section */
		1709FEFF2D4AD1630058050D /* PBXTargetDependency */ = {
			isa = PBXTargetDependency;
			target = 1709FEE32D4AD1610058050D /* Sports App */;
			targetProxy = 1709FEFE2D4AD1630058050D /* PBXContainerItemProxy */;
		};
		1709FF092D4AD1630058050D /* PBXTargetDependency */ = {
			isa = PBXTargetDependency;
			target = 1709FEE32D4AD1610058050D /* Sports App */;
			targetProxy = 1709FF082D4AD1630058050D /* PBXContainerItemProxy */;
		};
/* End PBXTargetDependency section */

/* Begin XCBuildConfiguration section */
		1709FF112D4AD1630058050D /* Debug */ = {
			isa = XCBuildConfiguration;
			baseConfigurationReference = 494E218B0BED8B1CD3BB4E20 /* Pods-Sports App.debug.xcconfig */;
			buildSettings = {
				ASSETCATALOG_COMPILER_APPICON_NAME = AppIcon;
				ASSETCATALOG_COMPILER_GLOBAL_ACCENT_COLOR_NAME = AccentColor;
				CODE_SIGN_STYLE = Automatic;
				CURRENT_PROJECT_VERSION = 1;
				GENERATE_INFOPLIST_FILE = YES;
				INFOPLIST_FILE = "Sports App/Info.plist";
				INFOPLIST_KEY_UIApplicationSupportsIndirectInputEvents = YES;
				INFOPLIST_KEY_UILaunchStoryboardName = LaunchScreen;
				INFOPLIST_KEY_UIMainStoryboardFile = Main;
				INFOPLIST_KEY_UISupportedInterfaceOrientations_iPad = "UIInterfaceOrientationPortrait UIInterfaceOrientationPortraitUpsideDown UIInterfaceOrientationLandscapeLeft UIInterfaceOrientationLandscapeRight";
				INFOPLIST_KEY_UISupportedInterfaceOrientations_iPhone = "UIInterfaceOrientationPortrait UIInterfaceOrientationLandscapeLeft UIInterfaceOrientationLandscapeRight";
				LD_RUNPATH_SEARCH_PATHS = (
					"$(inherited)",
					"@executable_path/Frameworks",
				);
				MARKETING_VERSION = 1.0;
				PRODUCT_BUNDLE_IDENTIFIER = "ITI.Sports-App";
				PRODUCT_NAME = "$(TARGET_NAME)";
				SWIFT_EMIT_LOC_STRINGS = YES;
				SWIFT_VERSION = 5.0;
				TARGETED_DEVICE_FAMILY = "1,2";
			};
			name = Debug;
		};
		1709FF122D4AD1630058050D /* Release */ = {
			isa = XCBuildConfiguration;
			baseConfigurationReference = 2107E1378D676D0918933168 /* Pods-Sports App.release.xcconfig */;
			buildSettings = {
				ASSETCATALOG_COMPILER_APPICON_NAME = AppIcon;
				ASSETCATALOG_COMPILER_GLOBAL_ACCENT_COLOR_NAME = AccentColor;
				CODE_SIGN_STYLE = Automatic;
				CURRENT_PROJECT_VERSION = 1;
				GENERATE_INFOPLIST_FILE = YES;
				INFOPLIST_FILE = "Sports App/Info.plist";
				INFOPLIST_KEY_UIApplicationSupportsIndirectInputEvents = YES;
				INFOPLIST_KEY_UILaunchStoryboardName = LaunchScreen;
				INFOPLIST_KEY_UIMainStoryboardFile = Main;
				INFOPLIST_KEY_UISupportedInterfaceOrientations_iPad = "UIInterfaceOrientationPortrait UIInterfaceOrientationPortraitUpsideDown UIInterfaceOrientationLandscapeLeft UIInterfaceOrientationLandscapeRight";
				INFOPLIST_KEY_UISupportedInterfaceOrientations_iPhone = "UIInterfaceOrientationPortrait UIInterfaceOrientationLandscapeLeft UIInterfaceOrientationLandscapeRight";
				LD_RUNPATH_SEARCH_PATHS = (
					"$(inherited)",
					"@executable_path/Frameworks",
				);
				MARKETING_VERSION = 1.0;
				PRODUCT_BUNDLE_IDENTIFIER = "ITI.Sports-App";
				PRODUCT_NAME = "$(TARGET_NAME)";
				SWIFT_EMIT_LOC_STRINGS = YES;
				SWIFT_VERSION = 5.0;
				TARGETED_DEVICE_FAMILY = "1,2";
			};
			name = Release;
		};
		1709FF132D4AD1630058050D /* Debug */ = {
			isa = XCBuildConfiguration;
			buildSettings = {
				ALWAYS_SEARCH_USER_PATHS = NO;
				ASSETCATALOG_COMPILER_GENERATE_SWIFT_ASSET_SYMBOL_EXTENSIONS = YES;
				CLANG_ANALYZER_NONNULL = YES;
				CLANG_ANALYZER_NUMBER_OBJECT_CONVERSION = YES_AGGRESSIVE;
				CLANG_CXX_LANGUAGE_STANDARD = "gnu++20";
				CLANG_ENABLE_MODULES = YES;
				CLANG_ENABLE_OBJC_ARC = YES;
				CLANG_ENABLE_OBJC_WEAK = YES;
				CLANG_WARN_BLOCK_CAPTURE_AUTORELEASING = YES;
				CLANG_WARN_BOOL_CONVERSION = YES;
				CLANG_WARN_COMMA = YES;
				CLANG_WARN_CONSTANT_CONVERSION = YES;
				CLANG_WARN_DEPRECATED_OBJC_IMPLEMENTATIONS = YES;
				CLANG_WARN_DIRECT_OBJC_ISA_USAGE = YES_ERROR;
				CLANG_WARN_DOCUMENTATION_COMMENTS = YES;
				CLANG_WARN_EMPTY_BODY = YES;
				CLANG_WARN_ENUM_CONVERSION = YES;
				CLANG_WARN_INFINITE_RECURSION = YES;
				CLANG_WARN_INT_CONVERSION = YES;
				CLANG_WARN_NON_LITERAL_NULL_CONVERSION = YES;
				CLANG_WARN_OBJC_IMPLICIT_RETAIN_SELF = YES;
				CLANG_WARN_OBJC_LITERAL_CONVERSION = YES;
				CLANG_WARN_OBJC_ROOT_CLASS = YES_ERROR;
				CLANG_WARN_QUOTED_INCLUDE_IN_FRAMEWORK_HEADER = YES;
				CLANG_WARN_RANGE_LOOP_ANALYSIS = YES;
				CLANG_WARN_STRICT_PROTOTYPES = YES;
				CLANG_WARN_SUSPICIOUS_MOVE = YES;
				CLANG_WARN_UNGUARDED_AVAILABILITY = YES_AGGRESSIVE;
				CLANG_WARN_UNREACHABLE_CODE = YES;
				CLANG_WARN__DUPLICATE_METHOD_MATCH = YES;
				COPY_PHASE_STRIP = NO;
				DEBUG_INFORMATION_FORMAT = dwarf;
				ENABLE_STRICT_OBJC_MSGSEND = YES;
				ENABLE_TESTABILITY = YES;
				ENABLE_USER_SCRIPT_SANDBOXING = NO;
				GCC_C_LANGUAGE_STANDARD = gnu17;
				GCC_DYNAMIC_NO_PIC = NO;
				GCC_NO_COMMON_BLOCKS = YES;
				GCC_OPTIMIZATION_LEVEL = 0;
				GCC_PREPROCESSOR_DEFINITIONS = (
					"DEBUG=1",
					"$(inherited)",
				);
				GCC_WARN_64_TO_32_BIT_CONVERSION = YES;
				GCC_WARN_ABOUT_RETURN_TYPE = YES_ERROR;
				GCC_WARN_UNDECLARED_SELECTOR = YES;
				GCC_WARN_UNINITIALIZED_AUTOS = YES_AGGRESSIVE;
				GCC_WARN_UNUSED_FUNCTION = YES;
				GCC_WARN_UNUSED_VARIABLE = YES;
				IPHONEOS_DEPLOYMENT_TARGET = 18.2;
				LOCALIZATION_PREFERS_STRING_CATALOGS = YES;
				MTL_ENABLE_DEBUG_INFO = INCLUDE_SOURCE;
				MTL_FAST_MATH = YES;
				ONLY_ACTIVE_ARCH = YES;
				SDKROOT = iphoneos;
				SWIFT_ACTIVE_COMPILATION_CONDITIONS = "DEBUG $(inherited)";
				SWIFT_OPTIMIZATION_LEVEL = "-Onone";
			};
			name = Debug;
		};
		1709FF142D4AD1630058050D /* Release */ = {
			isa = XCBuildConfiguration;
			buildSettings = {
				ALWAYS_SEARCH_USER_PATHS = NO;
				ASSETCATALOG_COMPILER_GENERATE_SWIFT_ASSET_SYMBOL_EXTENSIONS = YES;
				CLANG_ANALYZER_NONNULL = YES;
				CLANG_ANALYZER_NUMBER_OBJECT_CONVERSION = YES_AGGRESSIVE;
				CLANG_CXX_LANGUAGE_STANDARD = "gnu++20";
				CLANG_ENABLE_MODULES = YES;
				CLANG_ENABLE_OBJC_ARC = YES;
				CLANG_ENABLE_OBJC_WEAK = YES;
				CLANG_WARN_BLOCK_CAPTURE_AUTORELEASING = YES;
				CLANG_WARN_BOOL_CONVERSION = YES;
				CLANG_WARN_COMMA = YES;
				CLANG_WARN_CONSTANT_CONVERSION = YES;
				CLANG_WARN_DEPRECATED_OBJC_IMPLEMENTATIONS = YES;
				CLANG_WARN_DIRECT_OBJC_ISA_USAGE = YES_ERROR;
				CLANG_WARN_DOCUMENTATION_COMMENTS = YES;
				CLANG_WARN_EMPTY_BODY = YES;
				CLANG_WARN_ENUM_CONVERSION = YES;
				CLANG_WARN_INFINITE_RECURSION = YES;
				CLANG_WARN_INT_CONVERSION = YES;
				CLANG_WARN_NON_LITERAL_NULL_CONVERSION = YES;
				CLANG_WARN_OBJC_IMPLICIT_RETAIN_SELF = YES;
				CLANG_WARN_OBJC_LITERAL_CONVERSION = YES;
				CLANG_WARN_OBJC_ROOT_CLASS = YES_ERROR;
				CLANG_WARN_QUOTED_INCLUDE_IN_FRAMEWORK_HEADER = YES;
				CLANG_WARN_RANGE_LOOP_ANALYSIS = YES;
				CLANG_WARN_STRICT_PROTOTYPES = YES;
				CLANG_WARN_SUSPICIOUS_MOVE = YES;
				CLANG_WARN_UNGUARDED_AVAILABILITY = YES_AGGRESSIVE;
				CLANG_WARN_UNREACHABLE_CODE = YES;
				CLANG_WARN__DUPLICATE_METHOD_MATCH = YES;
				COPY_PHASE_STRIP = NO;
				DEBUG_INFORMATION_FORMAT = "dwarf-with-dsym";
				ENABLE_NS_ASSERTIONS = NO;
				ENABLE_STRICT_OBJC_MSGSEND = YES;
				ENABLE_USER_SCRIPT_SANDBOXING = NO;
				GCC_C_LANGUAGE_STANDARD = gnu17;
				GCC_NO_COMMON_BLOCKS = YES;
				GCC_WARN_64_TO_32_BIT_CONVERSION = YES;
				GCC_WARN_ABOUT_RETURN_TYPE = YES_ERROR;
				GCC_WARN_UNDECLARED_SELECTOR = YES;
				GCC_WARN_UNINITIALIZED_AUTOS = YES_AGGRESSIVE;
				GCC_WARN_UNUSED_FUNCTION = YES;
				GCC_WARN_UNUSED_VARIABLE = YES;
				IPHONEOS_DEPLOYMENT_TARGET = 18.2;
				LOCALIZATION_PREFERS_STRING_CATALOGS = YES;
				MTL_ENABLE_DEBUG_INFO = NO;
				MTL_FAST_MATH = YES;
				SDKROOT = iphoneos;
				SWIFT_COMPILATION_MODE = wholemodule;
				VALIDATE_PRODUCT = YES;
			};
			name = Release;
		};
		1709FF162D4AD1630058050D /* Debug */ = {
			isa = XCBuildConfiguration;
			baseConfigurationReference = 4968D46FC015C7A8D0F5DE12 /* Pods-Sports AppTests.debug.xcconfig */;
			buildSettings = {
				BUNDLE_LOADER = "$(TEST_HOST)";
				CODE_SIGN_STYLE = Automatic;
				CURRENT_PROJECT_VERSION = 1;
				GENERATE_INFOPLIST_FILE = YES;
				IPHONEOS_DEPLOYMENT_TARGET = 18.2;
				MARKETING_VERSION = 1.0;
				PRODUCT_BUNDLE_IDENTIFIER = "ITI.Sports-AppTests";
				PRODUCT_NAME = "$(TARGET_NAME)";
				SWIFT_EMIT_LOC_STRINGS = NO;
				SWIFT_VERSION = 5.0;
				TARGETED_DEVICE_FAMILY = "1,2";
				TEST_HOST = "$(BUILT_PRODUCTS_DIR)/Sports App.app/$(BUNDLE_EXECUTABLE_FOLDER_PATH)/Sports App";
			};
			name = Debug;
		};
		1709FF172D4AD1630058050D /* Release */ = {
			isa = XCBuildConfiguration;
			baseConfigurationReference = DCAD7E33534928B592A748FD /* Pods-Sports AppTests.release.xcconfig */;
			buildSettings = {
				BUNDLE_LOADER = "$(TEST_HOST)";
				CODE_SIGN_STYLE = Automatic;
				CURRENT_PROJECT_VERSION = 1;
				GENERATE_INFOPLIST_FILE = YES;
				IPHONEOS_DEPLOYMENT_TARGET = 18.2;
				MARKETING_VERSION = 1.0;
				PRODUCT_BUNDLE_IDENTIFIER = "ITI.Sports-AppTests";
				PRODUCT_NAME = "$(TARGET_NAME)";
				SWIFT_EMIT_LOC_STRINGS = NO;
				SWIFT_VERSION = 5.0;
				TARGETED_DEVICE_FAMILY = "1,2";
				TEST_HOST = "$(BUILT_PRODUCTS_DIR)/Sports App.app/$(BUNDLE_EXECUTABLE_FOLDER_PATH)/Sports App";
			};
			name = Release;
		};
		1709FF192D4AD1630058050D /* Debug */ = {
			isa = XCBuildConfiguration;
			baseConfigurationReference = 045F02CB0F0A196981EF2176 /* Pods-Sports App-Sports AppUITests.debug.xcconfig */;
			buildSettings = {
				CODE_SIGN_STYLE = Automatic;
				CURRENT_PROJECT_VERSION = 1;
				GENERATE_INFOPLIST_FILE = YES;
				MARKETING_VERSION = 1.0;
				PRODUCT_BUNDLE_IDENTIFIER = "ITI.Sports-AppUITests";
				PRODUCT_NAME = "$(TARGET_NAME)";
				SWIFT_EMIT_LOC_STRINGS = NO;
				SWIFT_VERSION = 5.0;
				TARGETED_DEVICE_FAMILY = "1,2";
				TEST_TARGET_NAME = "Sports App";
			};
			name = Debug;
		};
		1709FF1A2D4AD1630058050D /* Release */ = {
			isa = XCBuildConfiguration;
			baseConfigurationReference = 6D593551BCDD94AE24348766 /* Pods-Sports App-Sports AppUITests.release.xcconfig */;
			buildSettings = {
				CODE_SIGN_STYLE = Automatic;
				CURRENT_PROJECT_VERSION = 1;
				GENERATE_INFOPLIST_FILE = YES;
				MARKETING_VERSION = 1.0;
				PRODUCT_BUNDLE_IDENTIFIER = "ITI.Sports-AppUITests";
				PRODUCT_NAME = "$(TARGET_NAME)";
				SWIFT_EMIT_LOC_STRINGS = NO;
				SWIFT_VERSION = 5.0;
				TARGETED_DEVICE_FAMILY = "1,2";
				TEST_TARGET_NAME = "Sports App";
			};
			name = Release;
		};
/* End XCBuildConfiguration section */

/* Begin XCConfigurationList section */
		1709FEDF2D4AD1600058050D /* Build configuration list for PBXProject "Sports App" */ = {
			isa = XCConfigurationList;
			buildConfigurations = (
				1709FF132D4AD1630058050D /* Debug */,
				1709FF142D4AD1630058050D /* Release */,
			);
			defaultConfigurationIsVisible = 0;
			defaultConfigurationName = Release;
		};
		1709FF102D4AD1630058050D /* Build configuration list for PBXNativeTarget "Sports App" */ = {
			isa = XCConfigurationList;
			buildConfigurations = (
				1709FF112D4AD1630058050D /* Debug */,
				1709FF122D4AD1630058050D /* Release */,
			);
			defaultConfigurationIsVisible = 0;
			defaultConfigurationName = Release;
		};
		1709FF152D4AD1630058050D /* Build configuration list for PBXNativeTarget "Sports AppTests" */ = {
			isa = XCConfigurationList;
			buildConfigurations = (
				1709FF162D4AD1630058050D /* Debug */,
				1709FF172D4AD1630058050D /* Release */,
			);
			defaultConfigurationIsVisible = 0;
			defaultConfigurationName = Release;
		};
		1709FF182D4AD1630058050D /* Build configuration list for PBXNativeTarget "Sports AppUITests" */ = {
			isa = XCConfigurationList;
			buildConfigurations = (
				1709FF192D4AD1630058050D /* Debug */,
				1709FF1A2D4AD1630058050D /* Release */,
			);
			defaultConfigurationIsVisible = 0;
			defaultConfigurationName = Release;
		};
/* End XCConfigurationList section */
	};
	rootObject = 1709FEDC2D4AD1600058050D /* Project object */;
}
